
Microsoft Visual Studio Solution File, Format Version 12.00
# Visual Studio Version 17
VisualStudioVersion = 17.4.33213.308
MinimumVisualStudioVersion = 10.0.40219.1
Project("{8BC9CEB8-8B4A-11D0-8D11-00A0C91BC942}") = "CW26.09DinStruct", "CW26.09DinStruct.vcxproj", "{B8902BFF-7D1A-4A5D-8C67-1DC54C21A788}"
EndProject
Global
	GlobalSection(SolutionConfigurationPlatforms) = preSolution
		Debug|x64 = Debug|x64
		Debug|x86 = Debug|x86
		Release|x64 = Release|x64
		Release|x86 = Release|x86
	EndGlobalSection
	GlobalSection(ProjectConfigurationPlatforms) = postSolution
		{B8902BFF-7D1A-4A5D-8C67-1DC54C21A788}.Debug|x64.ActiveCfg = Debug|x64
		{B8902BFF-7D1A-4A5D-8C67-1DC54C21A788}.Debug|x64.Build.0 = Debug|x64
		{B8902BFF-7D1A-4A5D-8C67-1DC54C21A788}.Debug|x86.ActiveCfg = Debug|Win32
		{B8902BFF-7D1A-4A5D-8C67-1DC54C21A788}.Debug|x86.Build.0 = Debug|Win32
		{B8902BFF-7D1A-4A5D-8C67-1DC54C21A788}.Release|x64.ActiveCfg = Release|x64
		{B8902BFF-7D1A-4A5D-8C67-1DC54C21A788}.Release|x64.Build.0 = Release|x64
		{B8902BFF-7D1A-4A5D-8C67-1DC54C21A788}.Release|x86.ActiveCfg = Release|Win32
		{B8902BFF-7D1A-4A5D-8C67-1DC54C21A788}.Release|x86.Build.0 = Release|Win32
	EndGlobalSection
	GlobalSection(SolutionProperties) = preSolution
		HideSolutionNode = FALSE
	EndGlobalSection
	GlobalSection(ExtensibilityGlobals) = postSolution
		SolutionGuid = {02237E77-C516-4211-811D-C1DE2646C87E}
	EndGlobalSection
EndGlobal
